{
  "name": "elm-electron",
  "version": "0.0.1",
  "lockfileVersion": 1,
  "requires": true,
  "dependencies": {
    "svjsl": {
      "version": "1.9.3",
      "resolved": "https://registry.npmjs.org/svjsl/-/svjsl-1.9.3.tgz",
      "integrity": "sha512-ywyw9J4ZdDWvh4fG2EJ1mM4eOqOdlLPpTe40Ov7gcvQJpLfBedyqx2IG/h8odU5CopKL1rMto6mAcJw4bC+NXw==",
      "dev": true
    }
  }
}
