{
  "name": "elm-electron",
  "version": "0.0.1",
  "lockfileVersion": 1,
  "requires": true,
  "dependencies": {
    "svjsl": {
      "version": "1.8.4",
      "resolved": "https://registry.npmjs.org/svjsl/-/svjsl-1.8.4.tgz",
      "integrity": "sha512-U+RX1x7Tslxx68GAr1F9wBaRAjCA9cFliOSOvtWqVuVg0IRUdStsMYah/3Q8gluRomD/h3co7q4MYU62kTwzmA==",
      "dev": true
    }
  }
}
